
Microsoft Visual Studio Solution File, Format Version 12.00
# Visual Studio Version 17
VisualStudioVersion = 17.5.33502.453
MinimumVisualStudioVersion = 10.0.40219.1
Project("{FAE04EC0-301F-11D3-BF4B-00C04F79EFBC}") = "ManifestDownload", "ManifestDownload\ManifestDownload.csproj", "{06F759AE-26DF-40A0-8C91-4732DB1737F6}"
EndProject
Global
	GlobalSection(SolutionConfigurationPlatforms) = preSolution
		Debug|Any CPU = Debug|Any CPU
		Release|Any CPU = Release|Any CPU
	EndGlobalSection
	GlobalSection(ProjectConfigurationPlatforms) = postSolution
		{06F759AE-26DF-40A0-8C91-4732DB1737F6}.Debug|Any CPU.ActiveCfg = Debug|Any CPU
		{06F759AE-26DF-40A0-8C91-4732DB1737F6}.Debug|Any CPU.Build.0 = Debug|Any CPU
		{06F759AE-26DF-40A0-8C91-4732DB1737F6}.Release|Any CPU.ActiveCfg = Release|Any CPU
		{06F759AE-26DF-40A0-8C91-4732DB1737F6}.Release|Any CPU.Build.0 = Release|Any CPU
	EndGlobalSection
	GlobalSection(SolutionProperties) = preSolution
		HideSolutionNode = FALSE
	EndGlobalSection
	GlobalSection(ExtensibilityGlobals) = postSolution
		SolutionGuid = {D7090C66-29BF-449B-A1D8-E8F0E9E55737}
	EndGlobalSection
EndGlobal
